
Microsoft Visual Studio Solution File, Format Version 11.00
# Visual Studio 2010
Project("{FAE04EC0-301F-11D3-BF4B-00C04F79EFBC}") = "TTSSynthesizer", "TTSSynthesizer\TTSSynthesizer.csproj", "{40F4A73E-9547-4707-9713-FCBB0C83DF80}"
EndProject
Global
	GlobalSection(SolutionConfigurationPlatforms) = preSolution
		Debug|Any CPU = Debug|Any CPU
		Release|Any CPU = Release|Any CPU
	EndGlobalSection
	GlobalSection(ProjectConfigurationPlatforms) = postSolution
		{40F4A73E-9547-4707-9713-FCBB0C83DF80}.Debug|Any CPU.ActiveCfg = Debug|Any CPU
		{40F4A73E-9547-4707-9713-FCBB0C83DF80}.Debug|Any CPU.Build.0 = Debug|Any CPU
		{40F4A73E-9547-4707-9713-FCBB0C83DF80}.Release|Any CPU.ActiveCfg = Release|Any CPU
		{40F4A73E-9547-4707-9713-FCBB0C83DF80}.Release|Any CPU.Build.0 = Release|Any CPU
	EndGlobalSection
	GlobalSection(SolutionProperties) = preSolution
		HideSolutionNode = FALSE
	EndGlobalSection
EndGlobal
